
Microsoft Visual Studio Solution File, Format Version 12.00
# Visual Studio Version 17
VisualStudioVersion = 17.7.34221.43
MinimumVisualStudioVersion = 10.0.40219.1
Project("{FAE04EC0-301F-11D3-BF4B-00C04F79EFBC}") = "RunspaceLoader", "RunspaceLoader\RunspaceLoader.csproj", "{91D88334-AED3-45C8-9E12-65D5D7500573}"
EndProject
Global
	GlobalSection(SolutionConfigurationPlatforms) = preSolution
		Debug|Any CPU = Debug|Any CPU
		Debug|x64 = Debug|x64
		Release|Any CPU = Release|Any CPU
		Release|x64 = Release|x64
	EndGlobalSection
	GlobalSection(ProjectConfigurationPlatforms) = postSolution
		{91D88334-AED3-45C8-9E12-65D5D7500573}.Debug|Any CPU.ActiveCfg = Debug|Any CPU
		{91D88334-AED3-45C8-9E12-65D5D7500573}.Debug|Any CPU.Build.0 = Debug|Any CPU
		{91D88334-AED3-45C8-9E12-65D5D7500573}.Debug|x64.ActiveCfg = Debug|x64
		{91D88334-AED3-45C8-9E12-65D5D7500573}.Debug|x64.Build.0 = Debug|x64
		{91D88334-AED3-45C8-9E12-65D5D7500573}.Release|Any CPU.ActiveCfg = Release|Any CPU
		{91D88334-AED3-45C8-9E12-65D5D7500573}.Release|Any CPU.Build.0 = Release|Any CPU
		{91D88334-AED3-45C8-9E12-65D5D7500573}.Release|x64.ActiveCfg = Release|x64
		{91D88334-AED3-45C8-9E12-65D5D7500573}.Release|x64.Build.0 = Release|x64
	EndGlobalSection
	GlobalSection(SolutionProperties) = preSolution
		HideSolutionNode = FALSE
	EndGlobalSection
	GlobalSection(ExtensibilityGlobals) = postSolution
		SolutionGuid = {64A4193F-2AC0-46E2-AEC9-1E41FB395F9C}
	EndGlobalSection
EndGlobal
